// !$*UTF8*$!
{
	archiveVersion = 1;
	classes = {
	};
	objectVersion = 56;
	objects = {

/* Begin PBXBuildFile section */
		868EF79B29411407005458AD /* AppDelegate.swift in Sources */ = {isa = PBXBuildFile; fileRef = 868EF79A29411407005458AD /* AppDelegate.swift */; };
		868EF79D29411407005458AD /* SceneDelegate.swift in Sources */ = {isa = PBXBuildFile; fileRef = 868EF79C29411407005458AD /* SceneDelegate.swift */; };
		868EF7A429411408005458AD /* Assets.xcassets in Resources */ = {isa = PBXBuildFile; fileRef = 868EF7A329411408005458AD /* Assets.xcassets */; };
		868EF7A729411408005458AD /* LaunchScreen.storyboard in Resources */ = {isa = PBXBuildFile; fileRef = 868EF7A529411408005458AD /* LaunchScreen.storyboard */; };
		868EF7B229411568005458AD /* Coordinator.swift in Sources */ = {isa = PBXBuildFile; fileRef = 868EF7B129411568005458AD /* Coordinator.swift */; };
		868EF7B4294115A5005458AD /* BaseCoordinator.swift in Sources */ = {isa = PBXBuildFile; fileRef = 868EF7B3294115A5005458AD /* BaseCoordinator.swift */; };
		868EF7B629411734005458AD /* ApplicationCoordinator.swift in Sources */ = {isa = PBXBuildFile; fileRef = 868EF7B529411734005458AD /* ApplicationCoordinator.swift */; };
		868EF7B929411842005458AD /* ModuleFactory.swift in Sources */ = {isa = PBXBuildFile; fileRef = 868EF7B829411842005458AD /* ModuleFactory.swift */; };
		868EF7BD294118AC005458AD /* CoordinatorFactory.swift in Sources */ = {isa = PBXBuildFile; fileRef = 868EF7BC294118AC005458AD /* CoordinatorFactory.swift */; };
		868EF7C129411994005458AD /* SpashViewModel.swift in Sources */ = {isa = PBXBuildFile; fileRef = 868EF7C029411994005458AD /* SpashViewModel.swift */; };
		868EF7C3294119D7005458AD /* SplashView.swift in Sources */ = {isa = PBXBuildFile; fileRef = 868EF7C2294119D7005458AD /* SplashView.swift */; };
		868EF7C5294119ED005458AD /* SplashController.swift in Sources */ = {isa = PBXBuildFile; fileRef = 868EF7C4294119ED005458AD /* SplashController.swift */; };
		868EF7C729411A00005458AD /* HomeController.swift in Sources */ = {isa = PBXBuildFile; fileRef = 868EF7C629411A00005458AD /* HomeController.swift */; };
		868EF7C929411A0B005458AD /* HomeViewModel.swift in Sources */ = {isa = PBXBuildFile; fileRef = 868EF7C829411A0B005458AD /* HomeViewModel.swift */; };
		868EF7CB29411A24005458AD /* HomeView.swift in Sources */ = {isa = PBXBuildFile; fileRef = 868EF7CA29411A24005458AD /* HomeView.swift */; };
		868EF7CE29411C5D005458AD /* ApplicationCoordinatorFactory.swift in Sources */ = {isa = PBXBuildFile; fileRef = 868EF7CD29411C5D005458AD /* ApplicationCoordinatorFactory.swift */; };
		868EF7D129411E5A005458AD /* AnyRouter.swift in Sources */ = {isa = PBXBuildFile; fileRef = 868EF7D029411E5A005458AD /* AnyRouter.swift */; };
		868EF7D329411E6D005458AD /* WeakRouter.swift in Sources */ = {isa = PBXBuildFile; fileRef = 868EF7D229411E6D005458AD /* WeakRouter.swift */; };
		868EF7D529411E85005458AD /* StrongRouter.swift in Sources */ = {isa = PBXBuildFile; fileRef = 868EF7D429411E85005458AD /* StrongRouter.swift */; };
		868EF7D82941211C005458AD /* Presentable.swift in Sources */ = {isa = PBXBuildFile; fileRef = 868EF7D72941211C005458AD /* Presentable.swift */; };
		868EF7DB29413A0F005458AD /* SplashCoordinator.swift in Sources */ = {isa = PBXBuildFile; fileRef = 868EF7DA29413A0F005458AD /* SplashCoordinator.swift */; };
		868EF7E029413C26005458AD /* MainCoordinator.swift in Sources */ = {isa = PBXBuildFile; fileRef = 868EF7DF29413C26005458AD /* MainCoordinator.swift */; };
		868EF7E429413FA2005458AD /* SplashModuleFactory.swift in Sources */ = {isa = PBXBuildFile; fileRef = 868EF7E329413FA2005458AD /* SplashModuleFactory.swift */; };
		868EF7E62941424F005458AD /* MainModuleFactory.swift in Sources */ = {isa = PBXBuildFile; fileRef = 868EF7E52941424F005458AD /* MainModuleFactory.swift */; };
		868EF7E8294150E5005458AD /* ProductDetailsController.swift in Sources */ = {isa = PBXBuildFile; fileRef = 868EF7E7294150E5005458AD /* ProductDetailsController.swift */; };
		868EF7EA2941516E005458AD /* ProductDetailsViewModel.swift in Sources */ = {isa = PBXBuildFile; fileRef = 868EF7E92941516E005458AD /* ProductDetailsViewModel.swift */; };
		868EF7EC29415253005458AD /* ProductDetailsView.swift in Sources */ = {isa = PBXBuildFile; fileRef = 868EF7EB29415253005458AD /* ProductDetailsView.swift */; };
		868EF7F029415882005458AD /* CombineMoya in Frameworks */ = {isa = PBXBuildFile; productRef = 868EF7EF29415882005458AD /* CombineMoya */; };
		868EF7F229415882005458AD /* Moya in Frameworks */ = {isa = PBXBuildFile; productRef = 868EF7F129415882005458AD /* Moya */; };
/* End PBXBuildFile section */

/* Begin PBXFileReference section */
		868EF79729411407005458AD /* Raqamyat-Ecommerce.app */ = {isa = PBXFileReference; explicitFileType = wrapper.application; includeInIndex = 0; path = "Raqamyat-Ecommerce.app"; sourceTree = BUILT_PRODUCTS_DIR; };
		868EF79A29411407005458AD /* AppDelegate.swift */ = {isa = PBXFileReference; lastKnownFileType = sourcecode.swift; path = AppDelegate.swift; sourceTree = "<group>"; };
		868EF79C29411407005458AD /* SceneDelegate.swift */ = {isa = PBXFileReference; lastKnownFileType = sourcecode.swift; path = SceneDelegate.swift; sourceTree = "<group>"; };
		868EF7A329411408005458AD /* Assets.xcassets */ = {isa = PBXFileReference; lastKnownFileType = folder.assetcatalog; path = Assets.xcassets; sourceTree = "<group>"; };
		868EF7A629411408005458AD /* Base */ = {isa = PBXFileReference; lastKnownFileType = file.storyboard; name = Base; path = Base.lproj/LaunchScreen.storyboard; sourceTree = "<group>"; };
		868EF7A829411408005458AD /* Info.plist */ = {isa = PBXFileReference; lastKnownFileType = text.plist.xml; path = Info.plist; sourceTree = "<group>"; };
		868EF7B129411568005458AD /* Coordinator.swift */ = {isa = PBXFileReference; lastKnownFileType = sourcecode.swift; path = Coordinator.swift; sourceTree = "<group>"; };
		868EF7B3294115A5005458AD /* BaseCoordinator.swift */ = {isa = PBXFileReference; lastKnownFileType = sourcecode.swift; path = BaseCoordinator.swift; sourceTree = "<group>"; };
		868EF7B529411734005458AD /* ApplicationCoordinator.swift */ = {isa = PBXFileReference; lastKnownFileType = sourcecode.swift; path = ApplicationCoordinator.swift; sourceTree = "<group>"; };
		868EF7B829411842005458AD /* ModuleFactory.swift */ = {isa = PBXFileReference; lastKnownFileType = sourcecode.swift; path = ModuleFactory.swift; sourceTree = "<group>"; };
		868EF7BC294118AC005458AD /* CoordinatorFactory.swift */ = {isa = PBXFileReference; lastKnownFileType = sourcecode.swift; path = CoordinatorFactory.swift; sourceTree = "<group>"; };
		868EF7C029411994005458AD /* SpashViewModel.swift */ = {isa = PBXFileReference; lastKnownFileType = sourcecode.swift; path = SpashViewModel.swift; sourceTree = "<group>"; };
		868EF7C2294119D7005458AD /* SplashView.swift */ = {isa = PBXFileReference; lastKnownFileType = sourcecode.swift; path = SplashView.swift; sourceTree = "<group>"; };
		868EF7C4294119ED005458AD /* SplashController.swift */ = {isa = PBXFileReference; lastKnownFileType = sourcecode.swift; path = SplashController.swift; sourceTree = "<group>"; };
		868EF7C629411A00005458AD /* HomeController.swift */ = {isa = PBXFileReference; lastKnownFileType = sourcecode.swift; path = HomeController.swift; sourceTree = "<group>"; };
		868EF7C829411A0B005458AD /* HomeViewModel.swift */ = {isa = PBXFileReference; lastKnownFileType = sourcecode.swift; path = HomeViewModel.swift; sourceTree = "<group>"; };
		868EF7CA29411A24005458AD /* HomeView.swift */ = {isa = PBXFileReference; lastKnownFileType = sourcecode.swift; path = HomeView.swift; sourceTree = "<group>"; };
		868EF7CD29411C5D005458AD /* ApplicationCoordinatorFactory.swift */ = {isa = PBXFileReference; lastKnownFileType = sourcecode.swift; path = ApplicationCoordinatorFactory.swift; sourceTree = "<group>"; };
		868EF7D029411E5A005458AD /* AnyRouter.swift */ = {isa = PBXFileReference; lastKnownFileType = sourcecode.swift; path = AnyRouter.swift; sourceTree = "<group>"; };
		868EF7D229411E6D005458AD /* WeakRouter.swift */ = {isa = PBXFileReference; lastKnownFileType = sourcecode.swift; path = WeakRouter.swift; sourceTree = "<group>"; };
		868EF7D429411E85005458AD /* StrongRouter.swift */ = {isa = PBXFileReference; lastKnownFileType = sourcecode.swift; path = StrongRouter.swift; sourceTree = "<group>"; };
		868EF7D72941211C005458AD /* Presentable.swift */ = {isa = PBXFileReference; lastKnownFileType = sourcecode.swift; path = Presentable.swift; sourceTree = "<group>"; };
		868EF7DA29413A0F005458AD /* SplashCoordinator.swift */ = {isa = PBXFileReference; lastKnownFileType = sourcecode.swift; path = SplashCoordinator.swift; sourceTree = "<group>"; };
		868EF7DF29413C26005458AD /* MainCoordinator.swift */ = {isa = PBXFileReference; lastKnownFileType = sourcecode.swift; path = MainCoordinator.swift; sourceTree = "<group>"; };
		868EF7E329413FA2005458AD /* SplashModuleFactory.swift */ = {isa = PBXFileReference; lastKnownFileType = sourcecode.swift; path = SplashModuleFactory.swift; sourceTree = "<group>"; };
		868EF7E52941424F005458AD /* MainModuleFactory.swift */ = {isa = PBXFileReference; lastKnownFileType = sourcecode.swift; path = MainModuleFactory.swift; sourceTree = "<group>"; };
		868EF7E7294150E5005458AD /* ProductDetailsController.swift */ = {isa = PBXFileReference; lastKnownFileType = sourcecode.swift; path = ProductDetailsController.swift; sourceTree = "<group>"; };
		868EF7E92941516E005458AD /* ProductDetailsViewModel.swift */ = {isa = PBXFileReference; lastKnownFileType = sourcecode.swift; path = ProductDetailsViewModel.swift; sourceTree = "<group>"; };
		868EF7EB29415253005458AD /* ProductDetailsView.swift */ = {isa = PBXFileReference; lastKnownFileType = sourcecode.swift; path = ProductDetailsView.swift; sourceTree = "<group>"; };
/* End PBXFileReference section */

/* Begin PBXFrameworksBuildPhase section */
		868EF79429411407005458AD /* Frameworks */ = {
			isa = PBXFrameworksBuildPhase;
			buildActionMask = 2147483647;
			files = (
				868EF7F229415882005458AD /* Moya in Frameworks */,
				868EF7F029415882005458AD /* CombineMoya in Frameworks */,
			);
			runOnlyForDeploymentPostprocessing = 0;
		};
/* End PBXFrameworksBuildPhase section */

/* Begin PBXGroup section */
		868EF78E29411407005458AD = {
			isa = PBXGroup;
			children = (
				868EF79929411407005458AD /* Raqamyat-Ecommerce */,
				868EF79829411407005458AD /* Products */,
			);
			sourceTree = "<group>";
		};
		868EF79829411407005458AD /* Products */ = {
			isa = PBXGroup;
			children = (
				868EF79729411407005458AD /* Raqamyat-Ecommerce.app */,
			);
			name = Products;
			sourceTree = "<group>";
		};
		868EF79929411407005458AD /* Raqamyat-Ecommerce */ = {
			isa = PBXGroup;
			children = (
				868EF7AE29411467005458AD /* Shared */,
				868EF7B02941155F005458AD /* BaseCoordinator */,
				868EF7ED2941575E005458AD /* Network */,
				868EF7D6294120FE005458AD /* Protocols */,
				868EF7B729411816005458AD /* Factories */,
				868EF7CF29411C96005458AD /* Router */,
				868EF7D929412140005458AD /* Models */,
				868EF7AF29411478005458AD /* Flows */,
				868EF7CC29411A66005458AD /* Resources */,
				868EF7A829411408005458AD /* Info.plist */,
			);
			path = "Raqamyat-Ecommerce";
			sourceTree = "<group>";
		};
		868EF7AE29411467005458AD /* Shared */ = {
			isa = PBXGroup;
			children = (
				868EF79A29411407005458AD /* AppDelegate.swift */,
				868EF79C29411407005458AD /* SceneDelegate.swift */,
				868EF7B529411734005458AD /* ApplicationCoordinator.swift */,
			);
			path = Shared;
			sourceTree = "<group>";
		};
		868EF7AF29411478005458AD /* Flows */ = {
			isa = PBXGroup;
			children = (
				868EF7BF29411985005458AD /* SplashFlow */,
				868EF7BE29411981005458AD /* MainFlow */,
			);
			path = Flows;
			sourceTree = "<group>";
		};
		868EF7B02941155F005458AD /* BaseCoordinator */ = {
			isa = PBXGroup;
			children = (
				868EF7B129411568005458AD /* Coordinator.swift */,
				868EF7B3294115A5005458AD /* BaseCoordinator.swift */,
			);
			path = BaseCoordinator;
			sourceTree = "<group>";
		};
		868EF7B729411816005458AD /* Factories */ = {
			isa = PBXGroup;
			children = (
				868EF7BB29411880005458AD /* CoordinatorsFactoryProtocols */,
				868EF7BA2941186E005458AD /* ModuleFactoriesProtocols */,
			);
			path = Factories;
			sourceTree = "<group>";
		};
		868EF7BA2941186E005458AD /* ModuleFactoriesProtocols */ = {
			isa = PBXGroup;
			children = (
				868EF7B829411842005458AD /* ModuleFactory.swift */,
				868EF7E329413FA2005458AD /* SplashModuleFactory.swift */,
				868EF7E52941424F005458AD /* MainModuleFactory.swift */,
			);
			path = ModuleFactoriesProtocols;
			sourceTree = "<group>";
		};
		868EF7BB29411880005458AD /* CoordinatorsFactoryProtocols */ = {
			isa = PBXGroup;
			children = (
				868EF7BC294118AC005458AD /* CoordinatorFactory.swift */,
				868EF7CD29411C5D005458AD /* ApplicationCoordinatorFactory.swift */,
			);
			path = CoordinatorsFactoryProtocols;
			sourceTree = "<group>";
		};
		868EF7BE29411981005458AD /* MainFlow */ = {
			isa = PBXGroup;
			children = (
				868EF7DE29413BD4005458AD /* Coordinator */,
				868EF7E129413E02005458AD /* Home */,
				868EF7E229413E0C005458AD /* ProuductDetails */,
			);
			path = MainFlow;
			sourceTree = "<group>";
		};
		868EF7BF29411985005458AD /* SplashFlow */ = {
			isa = PBXGroup;
			children = (
				868EF7DC29413A19005458AD /* Coordinator */,
				868EF7DD29413A29005458AD /* Slpash */,
			);
			path = SplashFlow;
			sourceTree = "<group>";
		};
		868EF7CC29411A66005458AD /* Resources */ = {
			isa = PBXGroup;
			children = (
				868EF7A529411408005458AD /* LaunchScreen.storyboard */,
				868EF7A329411408005458AD /* Assets.xcassets */,
			);
			path = Resources;
			sourceTree = "<group>";
		};
		868EF7CF29411C96005458AD /* Router */ = {
			isa = PBXGroup;
			children = (
				868EF7D029411E5A005458AD /* AnyRouter.swift */,
				868EF7D429411E85005458AD /* StrongRouter.swift */,
				868EF7D229411E6D005458AD /* WeakRouter.swift */,
			);
			path = Router;
			sourceTree = "<group>";
		};
		868EF7D6294120FE005458AD /* Protocols */ = {
			isa = PBXGroup;
			children = (
				868EF7D72941211C005458AD /* Presentable.swift */,
			);
			path = Protocols;
			sourceTree = "<group>";
		};
		868EF7D929412140005458AD /* Models */ = {
			isa = PBXGroup;
			children = (
			);
			path = Models;
			sourceTree = "<group>";
		};
		868EF7DC29413A19005458AD /* Coordinator */ = {
			isa = PBXGroup;
			children = (
				868EF7DA29413A0F005458AD /* SplashCoordinator.swift */,
			);
			path = Coordinator;
			sourceTree = "<group>";
		};
		868EF7DD29413A29005458AD /* Slpash */ = {
			isa = PBXGroup;
			children = (
				868EF7C029411994005458AD /* SpashViewModel.swift */,
				868EF7C4294119ED005458AD /* SplashController.swift */,
				868EF7C2294119D7005458AD /* SplashView.swift */,
			);
			path = Slpash;
			sourceTree = "<group>";
		};
		868EF7DE29413BD4005458AD /* Coordinator */ = {
			isa = PBXGroup;
			children = (
				868EF7DF29413C26005458AD /* MainCoordinator.swift */,
			);
			path = Coordinator;
			sourceTree = "<group>";
		};
		868EF7E129413E02005458AD /* Home */ = {
			isa = PBXGroup;
			children = (
				868EF7C829411A0B005458AD /* HomeViewModel.swift */,
				868EF7C629411A00005458AD /* HomeController.swift */,
				868EF7CA29411A24005458AD /* HomeView.swift */,
			);
			path = Home;
			sourceTree = "<group>";
		};
		868EF7E229413E0C005458AD /* ProuductDetails */ = {
			isa = PBXGroup;
			children = (
				868EF7E92941516E005458AD /* ProductDetailsViewModel.swift */,
				868EF7E7294150E5005458AD /* ProductDetailsController.swift */,
				868EF7EB29415253005458AD /* ProductDetailsView.swift */,
			);
			path = ProuductDetails;
			sourceTree = "<group>";
		};
		868EF7ED2941575E005458AD /* Network */ = {
			isa = PBXGroup;
			children = (
			);
			path = Network;
			sourceTree = "<group>";
		};
/* End PBXGroup section */

/* Begin PBXNativeTarget section */
		868EF79629411407005458AD /* Raqamyat-Ecommerce */ = {
			isa = PBXNativeTarget;
			buildConfigurationList = 868EF7AB29411408005458AD /* Build configuration list for PBXNativeTarget "Raqamyat-Ecommerce" */;
			buildPhases = (
				868EF79329411407005458AD /* Sources */,
				868EF79429411407005458AD /* Frameworks */,
				868EF79529411407005458AD /* Resources */,
			);
			buildRules = (
			);
			dependencies = (
			);
			name = "Raqamyat-Ecommerce";
			packageProductDependencies = (
				868EF7EF29415882005458AD /* CombineMoya */,
				868EF7F129415882005458AD /* Moya */,
			);
			productName = "Raqamyat-Ecommerce";
			productReference = 868EF79729411407005458AD /* Raqamyat-Ecommerce.app */;
			productType = "com.apple.product-type.application";
		};
/* End PBXNativeTarget section */

/* Begin PBXProject section */
		868EF78F29411407005458AD /* Project object */ = {
			isa = PBXProject;
			attributes = {
				BuildIndependentTargetsInParallel = 1;
				LastSwiftUpdateCheck = 1410;
				LastUpgradeCheck = 1410;
				TargetAttributes = {
					868EF79629411407005458AD = {
						CreatedOnToolsVersion = 14.1;
					};
				};
			};
			buildConfigurationList = 868EF79229411407005458AD /* Build configuration list for PBXProject "Raqamyat-Ecommerce" */;
			compatibilityVersion = "Xcode 14.0";
			developmentRegion = en;
			hasScannedForEncodings = 0;
			knownRegions = (
				en,
				Base,
			);
			mainGroup = 868EF78E29411407005458AD;
			packageReferences = (
				868EF7EE29415882005458AD /* XCRemoteSwiftPackageReference "Moya" */,
			);
			productRefGroup = 868EF79829411407005458AD /* Products */;
			projectDirPath = "";
			projectRoot = "";
			targets = (
				868EF79629411407005458AD /* Raqamyat-Ecommerce */,
			);
		};
/* End PBXProject section */

/* Begin PBXResourcesBuildPhase section */
		868EF79529411407005458AD /* Resources */ = {
			isa = PBXResourcesBuildPhase;
			buildActionMask = 2147483647;
			files = (
				868EF7A729411408005458AD /* LaunchScreen.storyboard in Resources */,
				868EF7A429411408005458AD /* Assets.xcassets in Resources */,
			);
			runOnlyForDeploymentPostprocessing = 0;
		};
/* End PBXResourcesBuildPhase section */

/* Begin PBXSourcesBuildPhase section */
		868EF79329411407005458AD /* Sources */ = {
			isa = PBXSourcesBuildPhase;
			buildActionMask = 2147483647;
			files = (
				868EF7B629411734005458AD /* ApplicationCoordinator.swift in Sources */,
				868EF7D529411E85005458AD /* StrongRouter.swift in Sources */,
				868EF7CB29411A24005458AD /* HomeView.swift in Sources */,
				868EF7B4294115A5005458AD /* BaseCoordinator.swift in Sources */,
				868EF7B929411842005458AD /* ModuleFactory.swift in Sources */,
				868EF7E029413C26005458AD /* MainCoordinator.swift in Sources */,
				868EF7DB29413A0F005458AD /* SplashCoordinator.swift in Sources */,
				868EF7E62941424F005458AD /* MainModuleFactory.swift in Sources */,
				868EF7D329411E6D005458AD /* WeakRouter.swift in Sources */,
				868EF7CE29411C5D005458AD /* ApplicationCoordinatorFactory.swift in Sources */,
				868EF7D82941211C005458AD /* Presentable.swift in Sources */,
				868EF7EA2941516E005458AD /* ProductDetailsViewModel.swift in Sources */,
				868EF7B229411568005458AD /* Coordinator.swift in Sources */,
				868EF79B29411407005458AD /* AppDelegate.swift in Sources */,
				868EF7EC29415253005458AD /* ProductDetailsView.swift in Sources */,
				868EF7C5294119ED005458AD /* SplashController.swift in Sources */,
				868EF7D129411E5A005458AD /* AnyRouter.swift in Sources */,
				868EF79D29411407005458AD /* SceneDelegate.swift in Sources */,
				868EF7C929411A0B005458AD /* HomeViewModel.swift in Sources */,
				868EF7E8294150E5005458AD /* ProductDetailsController.swift in Sources */,
				868EF7C3294119D7005458AD /* SplashView.swift in Sources */,
				868EF7C129411994005458AD /* SpashViewModel.swift in Sources */,
				868EF7C729411A00005458AD /* HomeController.swift in Sources */,
				868EF7BD294118AC005458AD /* CoordinatorFactory.swift in Sources */,
				868EF7E429413FA2005458AD /* SplashModuleFactory.swift in Sources */,
			);
			runOnlyForDeploymentPostprocessing = 0;
		};
/* End PBXSourcesBuildPhase section */

/* Begin PBXVariantGroup section */
		868EF7A529411408005458AD /* LaunchScreen.storyboard */ = {
			isa = PBXVariantGroup;
			children = (
				868EF7A629411408005458AD /* Base */,
			);
			name = LaunchScreen.storyboard;
			sourceTree = "<group>";
		};
/* End PBXVariantGroup section */

/* Begin XCBuildConfiguration section */
		868EF7A929411408005458AD /* Debug */ = {
			isa = XCBuildConfiguration;
			buildSettings = {
				ALWAYS_SEARCH_USER_PATHS = NO;
				CLANG_ANALYZER_NONNULL = YES;
				CLANG_ANALYZER_NUMBER_OBJECT_CONVERSION = YES_AGGRESSIVE;
				CLANG_CXX_LANGUAGE_STANDARD = "gnu++20";
				CLANG_ENABLE_MODULES = YES;
				CLANG_ENABLE_OBJC_ARC = YES;
				CLANG_ENABLE_OBJC_WEAK = YES;
				CLANG_WARN_BLOCK_CAPTURE_AUTORELEASING = YES;
				CLANG_WARN_BOOL_CONVERSION = YES;
				CLANG_WARN_COMMA = YES;
				CLANG_WARN_CONSTANT_CONVERSION = YES;
				CLANG_WARN_DEPRECATED_OBJC_IMPLEMENTATIONS = YES;
				CLANG_WARN_DIRECT_OBJC_ISA_USAGE = YES_ERROR;
				CLANG_WARN_DOCUMENTATION_COMMENTS = YES;
				CLANG_WARN_EMPTY_BODY = YES;
				CLANG_WARN_ENUM_CONVERSION = YES;
				CLANG_WARN_INFINITE_RECURSION = YES;
				CLANG_WARN_INT_CONVERSION = YES;
				CLANG_WARN_NON_LITERAL_NULL_CONVERSION = YES;
				CLANG_WARN_OBJC_IMPLICIT_RETAIN_SELF = YES;
				CLANG_WARN_OBJC_LITERAL_CONVERSION = YES;
				CLANG_WARN_OBJC_ROOT_CLASS = YES_ERROR;
				CLANG_WARN_QUOTED_INCLUDE_IN_FRAMEWORK_HEADER = YES;
				CLANG_WARN_RANGE_LOOP_ANALYSIS = YES;
				CLANG_WARN_STRICT_PROTOTYPES = YES;
				CLANG_WARN_SUSPICIOUS_MOVE = YES;
				CLANG_WARN_UNGUARDED_AVAILABILITY = YES_AGGRESSIVE;
				CLANG_WARN_UNREACHABLE_CODE = YES;
				CLANG_WARN__DUPLICATE_METHOD_MATCH = YES;
				COPY_PHASE_STRIP = NO;
				DEBUG_INFORMATION_FORMAT = dwarf;
				ENABLE_STRICT_OBJC_MSGSEND = YES;
				ENABLE_TESTABILITY = YES;
				GCC_C_LANGUAGE_STANDARD = gnu11;
				GCC_DYNAMIC_NO_PIC = NO;
				GCC_NO_COMMON_BLOCKS = YES;
				GCC_OPTIMIZATION_LEVEL = 0;
				GCC_PREPROCESSOR_DEFINITIONS = (
					"DEBUG=1",
					"$(inherited)",
				);
				GCC_WARN_64_TO_32_BIT_CONVERSION = YES;
				GCC_WARN_ABOUT_RETURN_TYPE = YES_ERROR;
				GCC_WARN_UNDECLARED_SELECTOR = YES;
				GCC_WARN_UNINITIALIZED_AUTOS = YES_AGGRESSIVE;
				GCC_WARN_UNUSED_FUNCTION = YES;
				GCC_WARN_UNUSED_VARIABLE = YES;
				IPHONEOS_DEPLOYMENT_TARGET = 16.1;
				MTL_ENABLE_DEBUG_INFO = INCLUDE_SOURCE;
				MTL_FAST_MATH = YES;
				ONLY_ACTIVE_ARCH = YES;
				SDKROOT = iphoneos;
				SWIFT_ACTIVE_COMPILATION_CONDITIONS = DEBUG;
				SWIFT_OPTIMIZATION_LEVEL = "-Onone";
			};
			name = Debug;
		};
		868EF7AA29411408005458AD /* Release */ = {
			isa = XCBuildConfiguration;
			buildSettings = {
				ALWAYS_SEARCH_USER_PATHS = NO;
				CLANG_ANALYZER_NONNULL = YES;
				CLANG_ANALYZER_NUMBER_OBJECT_CONVERSION = YES_AGGRESSIVE;
				CLANG_CXX_LANGUAGE_STANDARD = "gnu++20";
				CLANG_ENABLE_MODULES = YES;
				CLANG_ENABLE_OBJC_ARC = YES;
				CLANG_ENABLE_OBJC_WEAK = YES;
				CLANG_WARN_BLOCK_CAPTURE_AUTORELEASING = YES;
				CLANG_WARN_BOOL_CONVERSION = YES;
				CLANG_WARN_COMMA = YES;
				CLANG_WARN_CONSTANT_CONVERSION = YES;
				CLANG_WARN_DEPRECATED_OBJC_IMPLEMENTATIONS = YES;
				CLANG_WARN_DIRECT_OBJC_ISA_USAGE = YES_ERROR;
				CLANG_WARN_DOCUMENTATION_COMMENTS = YES;
				CLANG_WARN_EMPTY_BODY = YES;
				CLANG_WARN_ENUM_CONVERSION = YES;
				CLANG_WARN_INFINITE_RECURSION = YES;
				CLANG_WARN_INT_CONVERSION = YES;
				CLANG_WARN_NON_LITERAL_NULL_CONVERSION = YES;
				CLANG_WARN_OBJC_IMPLICIT_RETAIN_SELF = YES;
				CLANG_WARN_OBJC_LITERAL_CONVERSION = YES;
				CLANG_WARN_OBJC_ROOT_CLASS = YES_ERROR;
				CLANG_WARN_QUOTED_INCLUDE_IN_FRAMEWORK_HEADER = YES;
				CLANG_WARN_RANGE_LOOP_ANALYSIS = YES;
				CLANG_WARN_STRICT_PROTOTYPES = YES;
				CLANG_WARN_SUSPICIOUS_MOVE = YES;
				CLANG_WARN_UNGUARDED_AVAILABILITY = YES_AGGRESSIVE;
				CLANG_WARN_UNREACHABLE_CODE = YES;
				CLANG_WARN__DUPLICATE_METHOD_MATCH = YES;
				COPY_PHASE_STRIP = NO;
				DEBUG_INFORMATION_FORMAT = "dwarf-with-dsym";
				ENABLE_NS_ASSERTIONS = NO;
				ENABLE_STRICT_OBJC_MSGSEND = YES;
				GCC_C_LANGUAGE_STANDARD = gnu11;
				GCC_NO_COMMON_BLOCKS = YES;
				GCC_WARN_64_TO_32_BIT_CONVERSION = YES;
				GCC_WARN_ABOUT_RETURN_TYPE = YES_ERROR;
				GCC_WARN_UNDECLARED_SELECTOR = YES;
				GCC_WARN_UNINITIALIZED_AUTOS = YES_AGGRESSIVE;
				GCC_WARN_UNUSED_FUNCTION = YES;
				GCC_WARN_UNUSED_VARIABLE = YES;
				IPHONEOS_DEPLOYMENT_TARGET = 16.1;
				MTL_ENABLE_DEBUG_INFO = NO;
				MTL_FAST_MATH = YES;
				SDKROOT = iphoneos;
				SWIFT_COMPILATION_MODE = wholemodule;
				SWIFT_OPTIMIZATION_LEVEL = "-O";
				VALIDATE_PRODUCT = YES;
			};
			name = Release;
		};
		868EF7AC29411408005458AD /* Debug */ = {
			isa = XCBuildConfiguration;
			buildSettings = {
				ASSETCATALOG_COMPILER_APPICON_NAME = AppIcon;
				ASSETCATALOG_COMPILER_GLOBAL_ACCENT_COLOR_NAME = AccentColor;
				CODE_SIGN_STYLE = Automatic;
				CURRENT_PROJECT_VERSION = 1;
				DEVELOPMENT_TEAM = 5FFZ3X9GMU;
				GENERATE_INFOPLIST_FILE = YES;
				INFOPLIST_FILE = "Raqamyat-Ecommerce/Info.plist";
				INFOPLIST_KEY_LSApplicationCategoryType = "public.app-category.shopping";
				INFOPLIST_KEY_UIApplicationSupportsIndirectInputEvents = YES;
				INFOPLIST_KEY_UILaunchStoryboardName = LaunchScreen;
				INFOPLIST_KEY_UIRequiresFullScreen = YES;
				INFOPLIST_KEY_UIStatusBarStyle = "";
				INFOPLIST_KEY_UISupportedInterfaceOrientations = UIInterfaceOrientationPortrait;
				IPHONEOS_DEPLOYMENT_TARGET = 13.0;
				LD_RUNPATH_SEARCH_PATHS = (
					"$(inherited)",
					"@executable_path/Frameworks",
				);
				MARKETING_VERSION = 1.0;
				PRODUCT_BUNDLE_IDENTIFIER = "com.alamwtalamssss.Raqamyat-Ecommerce";
				PRODUCT_NAME = "$(TARGET_NAME)";
				SWIFT_EMIT_LOC_STRINGS = YES;
				SWIFT_VERSION = 5.0;
				TARGETED_DEVICE_FAMILY = "1,2";
			};
			name = Debug;
		};
		868EF7AD29411408005458AD /* Release */ = {
			isa = XCBuildConfiguration;
			buildSettings = {
				ASSETCATALOG_COMPILER_APPICON_NAME = AppIcon;
				ASSETCATALOG_COMPILER_GLOBAL_ACCENT_COLOR_NAME = AccentColor;
				CODE_SIGN_STYLE = Automatic;
				CURRENT_PROJECT_VERSION = 1;
				DEVELOPMENT_TEAM = 5FFZ3X9GMU;
				GENERATE_INFOPLIST_FILE = YES;
				INFOPLIST_FILE = "Raqamyat-Ecommerce/Info.plist";
				INFOPLIST_KEY_LSApplicationCategoryType = "public.app-category.shopping";
				INFOPLIST_KEY_UIApplicationSupportsIndirectInputEvents = YES;
				INFOPLIST_KEY_UILaunchStoryboardName = LaunchScreen;
				INFOPLIST_KEY_UIRequiresFullScreen = YES;
				INFOPLIST_KEY_UIStatusBarStyle = "";
				INFOPLIST_KEY_UISupportedInterfaceOrientations = UIInterfaceOrientationPortrait;
				IPHONEOS_DEPLOYMENT_TARGET = 13.0;
				LD_RUNPATH_SEARCH_PATHS = (
					"$(inherited)",
					"@executable_path/Frameworks",
				);
				MARKETING_VERSION = 1.0;
				PRODUCT_BUNDLE_IDENTIFIER = "com.alamwtalamssss.Raqamyat-Ecommerce";
				PRODUCT_NAME = "$(TARGET_NAME)";
				SWIFT_EMIT_LOC_STRINGS = YES;
				SWIFT_VERSION = 5.0;
				TARGETED_DEVICE_FAMILY = "1,2";
			};
			name = Release;
		};
/* End XCBuildConfiguration section */

/* Begin XCConfigurationList section */
		868EF79229411407005458AD /* Build configuration list for PBXProject "Raqamyat-Ecommerce" */ = {
			isa = XCConfigurationList;
			buildConfigurations = (
				868EF7A929411408005458AD /* Debug */,
				868EF7AA29411408005458AD /* Release */,
			);
			defaultConfigurationIsVisible = 0;
			defaultConfigurationName = Release;
		};
		868EF7AB29411408005458AD /* Build configuration list for PBXNativeTarget "Raqamyat-Ecommerce" */ = {
			isa = XCConfigurationList;
			buildConfigurations = (
				868EF7AC29411408005458AD /* Debug */,
				868EF7AD29411408005458AD /* Release */,
			);
			defaultConfigurationIsVisible = 0;
			defaultConfigurationName = Release;
		};
/* End XCConfigurationList section */

/* Begin XCRemoteSwiftPackageReference section */
		868EF7EE29415882005458AD /* XCRemoteSwiftPackageReference "Moya" */ = {
			isa = XCRemoteSwiftPackageReference;
			repositoryURL = "https://github.com/Moya/Moya.git";
			requirement = {
				kind = upToNextMajorVersion;
				minimumVersion = 15.0.0;
			};
		};
/* End XCRemoteSwiftPackageReference section */

/* Begin XCSwiftPackageProductDependency section */
		868EF7EF29415882005458AD /* CombineMoya */ = {
			isa = XCSwiftPackageProductDependency;
			package = 868EF7EE29415882005458AD /* XCRemoteSwiftPackageReference "Moya" */;
			productName = CombineMoya;
		};
		868EF7F129415882005458AD /* Moya */ = {
			isa = XCSwiftPackageProductDependency;
			package = 868EF7EE29415882005458AD /* XCRemoteSwiftPackageReference "Moya" */;
			productName = Moya;
		};
/* End XCSwiftPackageProductDependency section */
	};
	rootObject = 868EF78F29411407005458AD /* Project object */;
}
